// !$*UTF8*$!
{
	archiveVersion = 1;
	classes = {
	};
	objectVersion = 60;
	objects = {

/* Begin PBXBuildFile section */
		8628FE902C21FA3100AB8907 /* WeatherSwiftlyApp.swift in Sources */ = {isa = PBXBuildFile; fileRef = 8628FE8F2C21FA3100AB8907 /* WeatherSwiftlyApp.swift */; };
		8628FE922C21FA3100AB8907 /* WeatherView.swift in Sources */ = {isa = PBXBuildFile; fileRef = 8628FE912C21FA3100AB8907 /* WeatherView.swift */; };
		8628FE972C21FA3300AB8907 /* Preview Assets.xcassets in Resources */ = {isa = PBXBuildFile; fileRef = 8628FE962C21FA3300AB8907 /* Preview Assets.xcassets */; };
		8628FEA12C21FA3300AB8907 /* WeatherSwiftlyTests.swift in Sources */ = {isa = PBXBuildFile; fileRef = 8628FEA02C21FA3300AB8907 /* WeatherSwiftlyTests.swift */; };
		8628FEAB2C21FA3300AB8907 /* WeatherSwiftlyUITests.swift in Sources */ = {isa = PBXBuildFile; fileRef = 8628FEAA2C21FA3300AB8907 /* WeatherSwiftlyUITests.swift */; };
		8628FEAD2C21FA3300AB8907 /* WeatherSwiftlyUITestsLaunchTests.swift in Sources */ = {isa = PBXBuildFile; fileRef = 8628FEAC2C21FA3300AB8907 /* WeatherSwiftlyUITestsLaunchTests.swift */; };
		8628FEBB2C21FCC900AB8907 /* WeatherViewState.swift in Sources */ = {isa = PBXBuildFile; fileRef = 8628FEBA2C21FCC900AB8907 /* WeatherViewState.swift */; };
		8628FEBE2C21FEF400AB8907 /* MainView.swift in Sources */ = {isa = PBXBuildFile; fileRef = 8628FEBD2C21FEF400AB8907 /* MainView.swift */; };
		8628FEC02C21FF2400AB8907 /* MainViewState.swift in Sources */ = {isa = PBXBuildFile; fileRef = 8628FEBF2C21FF1E00AB8907 /* MainViewState.swift */; };
		8628FEC32C2201C900AB8907 /* WeatherService.swift in Sources */ = {isa = PBXBuildFile; fileRef = 8628FEC22C2201C300AB8907 /* WeatherService.swift */; };
		8628FEC62C22025700AB8907 /* WeatherConditionsDTO.swift in Sources */ = {isa = PBXBuildFile; fileRef = 8628FEC52C22025600AB8907 /* WeatherConditionsDTO.swift */; };
		8628FEC92C22045E00AB8907 /* WeatherViewModel.swift in Sources */ = {isa = PBXBuildFile; fileRef = 8628FEC82C22042900AB8907 /* WeatherViewModel.swift */; };
		8628FECB2C2204D800AB8907 /* WeatherMapper.swift in Sources */ = {isa = PBXBuildFile; fileRef = 8628FECA2C2204D300AB8907 /* WeatherMapper.swift */; };
		8628FECE2C2205E400AB8907 /* WeatherCoordinator.swift in Sources */ = {isa = PBXBuildFile; fileRef = 8628FECD2C2205DC00AB8907 /* WeatherCoordinator.swift */; };
		8628FED02C220CFD00AB8907 /* Assets.xcassets in Resources */ = {isa = PBXBuildFile; fileRef = 8628FECF2C220CFD00AB8907 /* Assets.xcassets */; };
/* End PBXBuildFile section */

/* Begin PBXContainerItemProxy section */
		8628FE9D2C21FA3300AB8907 /* PBXContainerItemProxy */ = {
			isa = PBXContainerItemProxy;
			containerPortal = 8628FE842C21FA3100AB8907 /* Project object */;
			proxyType = 1;
			remoteGlobalIDString = 8628FE8B2C21FA3100AB8907;
			remoteInfo = WeatherSwiftly;
		};
		8628FEA72C21FA3300AB8907 /* PBXContainerItemProxy */ = {
			isa = PBXContainerItemProxy;
			containerPortal = 8628FE842C21FA3100AB8907 /* Project object */;
			proxyType = 1;
			remoteGlobalIDString = 8628FE8B2C21FA3100AB8907;
			remoteInfo = WeatherSwiftly;
		};
/* End PBXContainerItemProxy section */

/* Begin PBXFileReference section */
		8628FE8C2C21FA3100AB8907 /* WeatherSwiftly.app */ = {isa = PBXFileReference; explicitFileType = wrapper.application; includeInIndex = 0; path = WeatherSwiftly.app; sourceTree = BUILT_PRODUCTS_DIR; };
		8628FE8F2C21FA3100AB8907 /* WeatherSwiftlyApp.swift */ = {isa = PBXFileReference; lastKnownFileType = sourcecode.swift; path = WeatherSwiftlyApp.swift; sourceTree = "<group>"; };
		8628FE912C21FA3100AB8907 /* WeatherView.swift */ = {isa = PBXFileReference; lastKnownFileType = sourcecode.swift; path = WeatherView.swift; sourceTree = "<group>"; };
		8628FE962C21FA3300AB8907 /* Preview Assets.xcassets */ = {isa = PBXFileReference; lastKnownFileType = folder.assetcatalog; path = "Preview Assets.xcassets"; sourceTree = "<group>"; };
		8628FE9C2C21FA3300AB8907 /* WeatherSwiftlyTests.xctest */ = {isa = PBXFileReference; explicitFileType = wrapper.cfbundle; includeInIndex = 0; path = WeatherSwiftlyTests.xctest; sourceTree = BUILT_PRODUCTS_DIR; };
		8628FEA02C21FA3300AB8907 /* WeatherSwiftlyTests.swift */ = {isa = PBXFileReference; lastKnownFileType = sourcecode.swift; path = WeatherSwiftlyTests.swift; sourceTree = "<group>"; };
		8628FEA62C21FA3300AB8907 /* WeatherSwiftlyUITests.xctest */ = {isa = PBXFileReference; explicitFileType = wrapper.cfbundle; includeInIndex = 0; path = WeatherSwiftlyUITests.xctest; sourceTree = BUILT_PRODUCTS_DIR; };
		8628FEAA2C21FA3300AB8907 /* WeatherSwiftlyUITests.swift */ = {isa = PBXFileReference; lastKnownFileType = sourcecode.swift; path = WeatherSwiftlyUITests.swift; sourceTree = "<group>"; };
		8628FEAC2C21FA3300AB8907 /* WeatherSwiftlyUITestsLaunchTests.swift */ = {isa = PBXFileReference; lastKnownFileType = sourcecode.swift; path = WeatherSwiftlyUITestsLaunchTests.swift; sourceTree = "<group>"; };
		8628FEBA2C21FCC900AB8907 /* WeatherViewState.swift */ = {isa = PBXFileReference; lastKnownFileType = sourcecode.swift; path = WeatherViewState.swift; sourceTree = "<group>"; };
		8628FEBD2C21FEF400AB8907 /* MainView.swift */ = {isa = PBXFileReference; lastKnownFileType = sourcecode.swift; path = MainView.swift; sourceTree = "<group>"; };
		8628FEBF2C21FF1E00AB8907 /* MainViewState.swift */ = {isa = PBXFileReference; lastKnownFileType = sourcecode.swift; path = MainViewState.swift; sourceTree = "<group>"; };
		8628FEC22C2201C300AB8907 /* WeatherService.swift */ = {isa = PBXFileReference; lastKnownFileType = sourcecode.swift; path = WeatherService.swift; sourceTree = "<group>"; };
		8628FEC52C22025600AB8907 /* WeatherConditionsDTO.swift */ = {isa = PBXFileReference; lastKnownFileType = sourcecode.swift; path = WeatherConditionsDTO.swift; sourceTree = "<group>"; };
		8628FEC82C22042900AB8907 /* WeatherViewModel.swift */ = {isa = PBXFileReference; lastKnownFileType = sourcecode.swift; path = WeatherViewModel.swift; sourceTree = "<group>"; };
		8628FECA2C2204D300AB8907 /* WeatherMapper.swift */ = {isa = PBXFileReference; lastKnownFileType = sourcecode.swift; path = WeatherMapper.swift; sourceTree = "<group>"; };
		8628FECD2C2205DC00AB8907 /* WeatherCoordinator.swift */ = {isa = PBXFileReference; lastKnownFileType = sourcecode.swift; path = WeatherCoordinator.swift; sourceTree = "<group>"; };
		8628FECF2C220CFD00AB8907 /* Assets.xcassets */ = {isa = PBXFileReference; lastKnownFileType = folder.assetcatalog; path = Assets.xcassets; sourceTree = "<group>"; };
/* End PBXFileReference section */

/* Begin PBXFrameworksBuildPhase section */
		8628FE892C21FA3100AB8907 /* Frameworks */ = {
			isa = PBXFrameworksBuildPhase;
			buildActionMask = 2147483647;
			files = (
			);
			runOnlyForDeploymentPostprocessing = 0;
		};
		8628FE992C21FA3300AB8907 /* Frameworks */ = {
			isa = PBXFrameworksBuildPhase;
			buildActionMask = 2147483647;
			files = (
			);
			runOnlyForDeploymentPostprocessing = 0;
		};
		8628FEA32C21FA3300AB8907 /* Frameworks */ = {
			isa = PBXFrameworksBuildPhase;
			buildActionMask = 2147483647;
			files = (
			);
			runOnlyForDeploymentPostprocessing = 0;
		};
/* End PBXFrameworksBuildPhase section */

/* Begin PBXGroup section */
		8628FE832C21FA3100AB8907 = {
			isa = PBXGroup;
			children = (
				8628FE8E2C21FA3100AB8907 /* WeatherSwiftly */,
				8628FE9F2C21FA3300AB8907 /* WeatherSwiftlyTests */,
				8628FEA92C21FA3300AB8907 /* WeatherSwiftlyUITests */,
				8628FE8D2C21FA3100AB8907 /* Products */,
			);
			sourceTree = "<group>";
		};
		8628FE8D2C21FA3100AB8907 /* Products */ = {
			isa = PBXGroup;
			children = (
				8628FE8C2C21FA3100AB8907 /* WeatherSwiftly.app */,
				8628FE9C2C21FA3300AB8907 /* WeatherSwiftlyTests.xctest */,
				8628FEA62C21FA3300AB8907 /* WeatherSwiftlyUITests.xctest */,
			);
			name = Products;
			sourceTree = "<group>";
		};
		8628FE8E2C21FA3100AB8907 /* WeatherSwiftly */ = {
			isa = PBXGroup;
			children = (
				8628FECC2C2205CB00AB8907 /* Coordinator */,
				8628FEC72C2203E200AB8907 /* ViewModels */,
				8628FEC42C22024400AB8907 /* Models */,
				8628FEC12C2201BB00AB8907 /* Services */,
				8628FEB92C21FCAB00AB8907 /* ViewStates */,
				8628FE8F2C21FA3100AB8907 /* WeatherSwiftlyApp.swift */,
				8628FEBC2C21FECA00AB8907 /* Views */,
				8628FECF2C220CFD00AB8907 /* Assets.xcassets */,
				8628FE952C21FA3300AB8907 /* Preview Content */,
			);
			path = WeatherSwiftly;
			sourceTree = "<group>";
		};
		8628FE952C21FA3300AB8907 /* Preview Content */ = {
			isa = PBXGroup;
			children = (
				8628FE962C21FA3300AB8907 /* Preview Assets.xcassets */,
			);
			path = "Preview Content";
			sourceTree = "<group>";
		};
		8628FE9F2C21FA3300AB8907 /* WeatherSwiftlyTests */ = {
			isa = PBXGroup;
			children = (
				8628FEA02C21FA3300AB8907 /* WeatherSwiftlyTests.swift */,
			);
			path = WeatherSwiftlyTests;
			sourceTree = "<group>";
		};
		8628FEA92C21FA3300AB8907 /* WeatherSwiftlyUITests */ = {
			isa = PBXGroup;
			children = (
				8628FEAA2C21FA3300AB8907 /* WeatherSwiftlyUITests.swift */,
				8628FEAC2C21FA3300AB8907 /* WeatherSwiftlyUITestsLaunchTests.swift */,
			);
			path = WeatherSwiftlyUITests;
			sourceTree = "<group>";
		};
		8628FEB92C21FCAB00AB8907 /* ViewStates */ = {
			isa = PBXGroup;
			children = (
				8628FEBF2C21FF1E00AB8907 /* MainViewState.swift */,
				8628FEBA2C21FCC900AB8907 /* WeatherViewState.swift */,
			);
			path = ViewStates;
			sourceTree = "<group>";
		};
		8628FEBC2C21FECA00AB8907 /* Views */ = {
			isa = PBXGroup;
			children = (
				8628FE912C21FA3100AB8907 /* WeatherView.swift */,
				8628FEBD2C21FEF400AB8907 /* MainView.swift */,
			);
			path = Views;
			sourceTree = "<group>";
		};
		8628FEC12C2201BB00AB8907 /* Services */ = {
			isa = PBXGroup;
			children = (
				8628FEC22C2201C300AB8907 /* WeatherService.swift */,
			);
			path = Services;
			sourceTree = "<group>";
		};
		8628FEC42C22024400AB8907 /* Models */ = {
			isa = PBXGroup;
			children = (
				8628FEC52C22025600AB8907 /* WeatherConditionsDTO.swift */,
			);
			path = Models;
			sourceTree = "<group>";
		};
		8628FEC72C2203E200AB8907 /* ViewModels */ = {
			isa = PBXGroup;
			children = (
				8628FECA2C2204D300AB8907 /* WeatherMapper.swift */,
				8628FEC82C22042900AB8907 /* WeatherViewModel.swift */,
			);
			path = ViewModels;
			sourceTree = "<group>";
		};
		8628FECC2C2205CB00AB8907 /* Coordinator */ = {
			isa = PBXGroup;
			children = (
				8628FECD2C2205DC00AB8907 /* WeatherCoordinator.swift */,
			);
			path = Coordinator;
			sourceTree = "<group>";
		};
/* End PBXGroup section */

/* Begin PBXNativeTarget section */
		8628FE8B2C21FA3100AB8907 /* WeatherSwiftly */ = {
			isa = PBXNativeTarget;
			buildConfigurationList = 8628FEB02C21FA3300AB8907 /* Build configuration list for PBXNativeTarget "WeatherSwiftly" */;
			buildPhases = (
				8628FE882C21FA3100AB8907 /* Sources */,
				8628FE892C21FA3100AB8907 /* Frameworks */,
				8628FE8A2C21FA3100AB8907 /* Resources */,
			);
			buildRules = (
			);
			dependencies = (
			);
			name = WeatherSwiftly;
			productName = WeatherSwiftly;
			productReference = 8628FE8C2C21FA3100AB8907 /* WeatherSwiftly.app */;
			productType = "com.apple.product-type.application";
		};
		8628FE9B2C21FA3300AB8907 /* WeatherSwiftlyTests */ = {
			isa = PBXNativeTarget;
			buildConfigurationList = 8628FEB32C21FA3300AB8907 /* Build configuration list for PBXNativeTarget "WeatherSwiftlyTests" */;
			buildPhases = (
				8628FE982C21FA3300AB8907 /* Sources */,
				8628FE992C21FA3300AB8907 /* Frameworks */,
				8628FE9A2C21FA3300AB8907 /* Resources */,
			);
			buildRules = (
			);
			dependencies = (
				8628FE9E2C21FA3300AB8907 /* PBXTargetDependency */,
			);
			name = WeatherSwiftlyTests;
			productName = WeatherSwiftlyTests;
			productReference = 8628FE9C2C21FA3300AB8907 /* WeatherSwiftlyTests.xctest */;
			productType = "com.apple.product-type.bundle.unit-test";
		};
		8628FEA52C21FA3300AB8907 /* WeatherSwiftlyUITests */ = {
			isa = PBXNativeTarget;
			buildConfigurationList = 8628FEB62C21FA3300AB8907 /* Build configuration list for PBXNativeTarget "WeatherSwiftlyUITests" */;
			buildPhases = (
				8628FEA22C21FA3300AB8907 /* Sources */,
				8628FEA32C21FA3300AB8907 /* Frameworks */,
				8628FEA42C21FA3300AB8907 /* Resources */,
			);
			buildRules = (
			);
			dependencies = (
				8628FEA82C21FA3300AB8907 /* PBXTargetDependency */,
			);
			name = WeatherSwiftlyUITests;
			productName = WeatherSwiftlyUITests;
			productReference = 8628FEA62C21FA3300AB8907 /* WeatherSwiftlyUITests.xctest */;
			productType = "com.apple.product-type.bundle.ui-testing";
		};
/* End PBXNativeTarget section */

/* Begin PBXProject section */
		8628FE842C21FA3100AB8907 /* Project object */ = {
			isa = PBXProject;
			attributes = {
				BuildIndependentTargetsInParallel = 1;
				LastSwiftUpdateCheck = 1600;
				LastUpgradeCheck = 1600;
				TargetAttributes = {
					8628FE8B2C21FA3100AB8907 = {
						CreatedOnToolsVersion = 16.0;
					};
					8628FE9B2C21FA3300AB8907 = {
						CreatedOnToolsVersion = 16.0;
						TestTargetID = 8628FE8B2C21FA3100AB8907;
					};
					8628FEA52C21FA3300AB8907 = {
						CreatedOnToolsVersion = 16.0;
						TestTargetID = 8628FE8B2C21FA3100AB8907;
					};
				};
			};
			buildConfigurationList = 8628FE872C21FA3100AB8907 /* Build configuration list for PBXProject "WeatherSwiftly" */;
			compatibilityVersion = "Xcode 15.0";
			developmentRegion = en;
			hasScannedForEncodings = 0;
			knownRegions = (
				en,
				Base,
			);
			mainGroup = 8628FE832C21FA3100AB8907;
			productRefGroup = 8628FE8D2C21FA3100AB8907 /* Products */;
			projectDirPath = "";
			projectRoot = "";
			targets = (
				8628FE8B2C21FA3100AB8907 /* WeatherSwiftly */,
				8628FE9B2C21FA3300AB8907 /* WeatherSwiftlyTests */,
				8628FEA52C21FA3300AB8907 /* WeatherSwiftlyUITests */,
			);
		};
/* End PBXProject section */

/* Begin PBXResourcesBuildPhase section */
		8628FE8A2C21FA3100AB8907 /* Resources */ = {
			isa = PBXResourcesBuildPhase;
			buildActionMask = 2147483647;
			files = (
				8628FE972C21FA3300AB8907 /* Preview Assets.xcassets in Resources */,
				8628FED02C220CFD00AB8907 /* Assets.xcassets in Resources */,
			);
			runOnlyForDeploymentPostprocessing = 0;
		};
		8628FE9A2C21FA3300AB8907 /* Resources */ = {
			isa = PBXResourcesBuildPhase;
			buildActionMask = 2147483647;
			files = (
			);
			runOnlyForDeploymentPostprocessing = 0;
		};
		8628FEA42C21FA3300AB8907 /* Resources */ = {
			isa = PBXResourcesBuildPhase;
			buildActionMask = 2147483647;
			files = (
			);
			runOnlyForDeploymentPostprocessing = 0;
		};
/* End PBXResourcesBuildPhase section */

/* Begin PBXSourcesBuildPhase section */
		8628FE882C21FA3100AB8907 /* Sources */ = {
			isa = PBXSourcesBuildPhase;
			buildActionMask = 2147483647;
			files = (
				8628FE922C21FA3100AB8907 /* WeatherView.swift in Sources */,
				8628FEC02C21FF2400AB8907 /* MainViewState.swift in Sources */,
				8628FEC92C22045E00AB8907 /* WeatherViewModel.swift in Sources */,
				8628FEBE2C21FEF400AB8907 /* MainView.swift in Sources */,
				8628FEBB2C21FCC900AB8907 /* WeatherViewState.swift in Sources */,
				8628FECE2C2205E400AB8907 /* WeatherCoordinator.swift in Sources */,
				8628FEC32C2201C900AB8907 /* WeatherService.swift in Sources */,
				8628FECB2C2204D800AB8907 /* WeatherMapper.swift in Sources */,
				8628FE902C21FA3100AB8907 /* WeatherSwiftlyApp.swift in Sources */,
				8628FEC62C22025700AB8907 /* WeatherConditionsDTO.swift in Sources */,
			);
			runOnlyForDeploymentPostprocessing = 0;
		};
		8628FE982C21FA3300AB8907 /* Sources */ = {
			isa = PBXSourcesBuildPhase;
			buildActionMask = 2147483647;
			files = (
				8628FEA12C21FA3300AB8907 /* WeatherSwiftlyTests.swift in Sources */,
			);
			runOnlyForDeploymentPostprocessing = 0;
		};
		8628FEA22C21FA3300AB8907 /* Sources */ = {
			isa = PBXSourcesBuildPhase;
			buildActionMask = 2147483647;
			files = (
				8628FEAD2C21FA3300AB8907 /* WeatherSwiftlyUITestsLaunchTests.swift in Sources */,
				8628FEAB2C21FA3300AB8907 /* WeatherSwiftlyUITests.swift in Sources */,
			);
			runOnlyForDeploymentPostprocessing = 0;
		};
/* End PBXSourcesBuildPhase section */

/* Begin PBXTargetDependency section */
		8628FE9E2C21FA3300AB8907 /* PBXTargetDependency */ = {
			isa = PBXTargetDependency;
			target = 8628FE8B2C21FA3100AB8907 /* WeatherSwiftly */;
			targetProxy = 8628FE9D2C21FA3300AB8907 /* PBXContainerItemProxy */;
		};
		8628FEA82C21FA3300AB8907 /* PBXTargetDependency */ = {
			isa = PBXTargetDependency;
			target = 8628FE8B2C21FA3100AB8907 /* WeatherSwiftly */;
			targetProxy = 8628FEA72C21FA3300AB8907 /* PBXContainerItemProxy */;
		};
/* End PBXTargetDependency section */

/* Begin XCBuildConfiguration section */
		8628FEAE2C21FA3300AB8907 /* Debug */ = {
			isa = XCBuildConfiguration;
			buildSettings = {
				ALWAYS_SEARCH_USER_PATHS = NO;
				ASSETCATALOG_COMPILER_GENERATE_SWIFT_ASSET_SYMBOL_EXTENSIONS = YES;
				CLANG_ANALYZER_NONNULL = YES;
				CLANG_ANALYZER_NUMBER_OBJECT_CONVERSION = YES_AGGRESSIVE;
				CLANG_CXX_LANGUAGE_STANDARD = "gnu++20";
				CLANG_ENABLE_MODULES = YES;
				CLANG_ENABLE_OBJC_ARC = YES;
				CLANG_ENABLE_OBJC_WEAK = YES;
				CLANG_WARN_BLOCK_CAPTURE_AUTORELEASING = YES;
				CLANG_WARN_BOOL_CONVERSION = YES;
				CLANG_WARN_COMMA = YES;
				CLANG_WARN_CONSTANT_CONVERSION = YES;
				CLANG_WARN_DEPRECATED_OBJC_IMPLEMENTATIONS = YES;
				CLANG_WARN_DIRECT_OBJC_ISA_USAGE = YES_ERROR;
				CLANG_WARN_DOCUMENTATION_COMMENTS = YES;
				CLANG_WARN_EMPTY_BODY = YES;
				CLANG_WARN_ENUM_CONVERSION = YES;
				CLANG_WARN_INFINITE_RECURSION = YES;
				CLANG_WARN_INT_CONVERSION = YES;
				CLANG_WARN_NON_LITERAL_NULL_CONVERSION = YES;
				CLANG_WARN_OBJC_IMPLICIT_RETAIN_SELF = YES;
				CLANG_WARN_OBJC_LITERAL_CONVERSION = YES;
				CLANG_WARN_OBJC_ROOT_CLASS = YES_ERROR;
				CLANG_WARN_QUOTED_INCLUDE_IN_FRAMEWORK_HEADER = YES;
				CLANG_WARN_RANGE_LOOP_ANALYSIS = YES;
				CLANG_WARN_STRICT_PROTOTYPES = YES;
				CLANG_WARN_SUSPICIOUS_MOVE = YES;
				CLANG_WARN_UNGUARDED_AVAILABILITY = YES_AGGRESSIVE;
				CLANG_WARN_UNREACHABLE_CODE = YES;
				CLANG_WARN__DUPLICATE_METHOD_MATCH = YES;
				COPY_PHASE_STRIP = NO;
				DEBUG_INFORMATION_FORMAT = dwarf;
				ENABLE_STRICT_OBJC_MSGSEND = YES;
				ENABLE_TESTABILITY = YES;
				ENABLE_USER_SCRIPT_SANDBOXING = YES;
				GCC_C_LANGUAGE_STANDARD = gnu17;
				GCC_DYNAMIC_NO_PIC = NO;
				GCC_NO_COMMON_BLOCKS = YES;
				GCC_OPTIMIZATION_LEVEL = 0;
				GCC_PREPROCESSOR_DEFINITIONS = (
					"DEBUG=1",
					"$(inherited)",
				);
				GCC_WARN_64_TO_32_BIT_CONVERSION = YES;
				GCC_WARN_ABOUT_RETURN_TYPE = YES_ERROR;
				GCC_WARN_UNDECLARED_SELECTOR = YES;
				GCC_WARN_UNINITIALIZED_AUTOS = YES_AGGRESSIVE;
				GCC_WARN_UNUSED_FUNCTION = YES;
				GCC_WARN_UNUSED_VARIABLE = YES;
				IPHONEOS_DEPLOYMENT_TARGET = 18.0;
				LOCALIZATION_PREFERS_STRING_CATALOGS = YES;
				MTL_ENABLE_DEBUG_INFO = INCLUDE_SOURCE;
				MTL_FAST_MATH = YES;
				ONLY_ACTIVE_ARCH = YES;
				SDKROOT = iphoneos;
				SWIFT_ACTIVE_COMPILATION_CONDITIONS = "DEBUG $(inherited)";
				SWIFT_OPTIMIZATION_LEVEL = "-Onone";
			};
			name = Debug;
		};
		8628FEAF2C21FA3300AB8907 /* Release */ = {
			isa = XCBuildConfiguration;
			buildSettings = {
				ALWAYS_SEARCH_USER_PATHS = NO;
				ASSETCATALOG_COMPILER_GENERATE_SWIFT_ASSET_SYMBOL_EXTENSIONS = YES;
				CLANG_ANALYZER_NONNULL = YES;
				CLANG_ANALYZER_NUMBER_OBJECT_CONVERSION = YES_AGGRESSIVE;
				CLANG_CXX_LANGUAGE_STANDARD = "gnu++20";
				CLANG_ENABLE_MODULES = YES;
				CLANG_ENABLE_OBJC_ARC = YES;
				CLANG_ENABLE_OBJC_WEAK = YES;
				CLANG_WARN_BLOCK_CAPTURE_AUTORELEASING = YES;
				CLANG_WARN_BOOL_CONVERSION = YES;
				CLANG_WARN_COMMA = YES;
				CLANG_WARN_CONSTANT_CONVERSION = YES;
				CLANG_WARN_DEPRECATED_OBJC_IMPLEMENTATIONS = YES;
				CLANG_WARN_DIRECT_OBJC_ISA_USAGE = YES_ERROR;
				CLANG_WARN_DOCUMENTATION_COMMENTS = YES;
				CLANG_WARN_EMPTY_BODY = YES;
				CLANG_WARN_ENUM_CONVERSION = YES;
				CLANG_WARN_INFINITE_RECURSION = YES;
				CLANG_WARN_INT_CONVERSION = YES;
				CLANG_WARN_NON_LITERAL_NULL_CONVERSION = YES;
				CLANG_WARN_OBJC_IMPLICIT_RETAIN_SELF = YES;
				CLANG_WARN_OBJC_LITERAL_CONVERSION = YES;
				CLANG_WARN_OBJC_ROOT_CLASS = YES_ERROR;
				CLANG_WARN_QUOTED_INCLUDE_IN_FRAMEWORK_HEADER = YES;
				CLANG_WARN_RANGE_LOOP_ANALYSIS = YES;
				CLANG_WARN_STRICT_PROTOTYPES = YES;
				CLANG_WARN_SUSPICIOUS_MOVE = YES;
				CLANG_WARN_UNGUARDED_AVAILABILITY = YES_AGGRESSIVE;
				CLANG_WARN_UNREACHABLE_CODE = YES;
				CLANG_WARN__DUPLICATE_METHOD_MATCH = YES;
				COPY_PHASE_STRIP = NO;
				DEBUG_INFORMATION_FORMAT = "dwarf-with-dsym";
				ENABLE_NS_ASSERTIONS = NO;
				ENABLE_STRICT_OBJC_MSGSEND = YES;
				ENABLE_USER_SCRIPT_SANDBOXING = YES;
				GCC_C_LANGUAGE_STANDARD = gnu17;
				GCC_NO_COMMON_BLOCKS = YES;
				GCC_WARN_64_TO_32_BIT_CONVERSION = YES;
				GCC_WARN_ABOUT_RETURN_TYPE = YES_ERROR;
				GCC_WARN_UNDECLARED_SELECTOR = YES;
				GCC_WARN_UNINITIALIZED_AUTOS = YES_AGGRESSIVE;
				GCC_WARN_UNUSED_FUNCTION = YES;
				GCC_WARN_UNUSED_VARIABLE = YES;
				IPHONEOS_DEPLOYMENT_TARGET = 18.0;
				LOCALIZATION_PREFERS_STRING_CATALOGS = YES;
				MTL_ENABLE_DEBUG_INFO = NO;
				MTL_FAST_MATH = YES;
				SDKROOT = iphoneos;
				SWIFT_COMPILATION_MODE = wholemodule;
				VALIDATE_PRODUCT = YES;
			};
			name = Release;
		};
		8628FEB12C21FA3300AB8907 /* Debug */ = {
			isa = XCBuildConfiguration;
			buildSettings = {
				ASSETCATALOG_COMPILER_APPICON_NAME = AppIcon;
				ASSETCATALOG_COMPILER_GLOBAL_ACCENT_COLOR_NAME = AccentColor;
				CODE_SIGN_STYLE = Automatic;
				CURRENT_PROJECT_VERSION = 1;
				DEVELOPMENT_ASSET_PATHS = "\"WeatherSwiftly/Preview Content\"";
				ENABLE_PREVIEWS = YES;
				GENERATE_INFOPLIST_FILE = YES;
				INFOPLIST_KEY_UIApplicationSceneManifest_Generation = YES;
				INFOPLIST_KEY_UIApplicationSupportsIndirectInputEvents = YES;
				INFOPLIST_KEY_UILaunchScreen_Generation = YES;
				INFOPLIST_KEY_UISupportedInterfaceOrientations_iPad = "UIInterfaceOrientationPortrait UIInterfaceOrientationPortraitUpsideDown UIInterfaceOrientationLandscapeLeft UIInterfaceOrientationLandscapeRight";
				INFOPLIST_KEY_UISupportedInterfaceOrientations_iPhone = "UIInterfaceOrientationPortrait UIInterfaceOrientationLandscapeLeft UIInterfaceOrientationLandscapeRight";
				LD_RUNPATH_SEARCH_PATHS = (
					"$(inherited)",
					"@executable_path/Frameworks",
				);
				MARKETING_VERSION = 1.0;
				PRODUCT_BUNDLE_IDENTIFIER = wa.WeatherSwiftly;
				PRODUCT_NAME = "$(TARGET_NAME)";
				SWIFT_EMIT_LOC_STRINGS = YES;
				SWIFT_VERSION = 5.0;
				TARGETED_DEVICE_FAMILY = "1,2";
			};
			name = Debug;
		};
		8628FEB22C21FA3300AB8907 /* Release */ = {
			isa = XCBuildConfiguration;
			buildSettings = {
				ASSETCATALOG_COMPILER_APPICON_NAME = AppIcon;
				ASSETCATALOG_COMPILER_GLOBAL_ACCENT_COLOR_NAME = AccentColor;
				CODE_SIGN_STYLE = Automatic;
				CURRENT_PROJECT_VERSION = 1;
				DEVELOPMENT_ASSET_PATHS = "\"WeatherSwiftly/Preview Content\"";
				ENABLE_PREVIEWS = YES;
				GENERATE_INFOPLIST_FILE = YES;
				INFOPLIST_KEY_UIApplicationSceneManifest_Generation = YES;
				INFOPLIST_KEY_UIApplicationSupportsIndirectInputEvents = YES;
				INFOPLIST_KEY_UILaunchScreen_Generation = YES;
				INFOPLIST_KEY_UISupportedInterfaceOrientations_iPad = "UIInterfaceOrientationPortrait UIInterfaceOrientationPortraitUpsideDown UIInterfaceOrientationLandscapeLeft UIInterfaceOrientationLandscapeRight";
				INFOPLIST_KEY_UISupportedInterfaceOrientations_iPhone = "UIInterfaceOrientationPortrait UIInterfaceOrientationLandscapeLeft UIInterfaceOrientationLandscapeRight";
				LD_RUNPATH_SEARCH_PATHS = (
					"$(inherited)",
					"@executable_path/Frameworks",
				);
				MARKETING_VERSION = 1.0;
				PRODUCT_BUNDLE_IDENTIFIER = wa.WeatherSwiftly;
				PRODUCT_NAME = "$(TARGET_NAME)";
				SWIFT_EMIT_LOC_STRINGS = YES;
				SWIFT_VERSION = 5.0;
				TARGETED_DEVICE_FAMILY = "1,2";
			};
			name = Release;
		};
		8628FEB42C21FA3300AB8907 /* Debug */ = {
			isa = XCBuildConfiguration;
			buildSettings = {
				BUNDLE_LOADER = "$(TEST_HOST)";
				CODE_SIGN_STYLE = Automatic;
				CURRENT_PROJECT_VERSION = 1;
				GENERATE_INFOPLIST_FILE = YES;
				IPHONEOS_DEPLOYMENT_TARGET = 18.0;
				MARKETING_VERSION = 1.0;
				PRODUCT_BUNDLE_IDENTIFIER = wa.WeatherSwiftlyTests;
				PRODUCT_NAME = "$(TARGET_NAME)";
				SWIFT_EMIT_LOC_STRINGS = NO;
				SWIFT_VERSION = 5.0;
				TARGETED_DEVICE_FAMILY = "1,2";
				TEST_HOST = "$(BUILT_PRODUCTS_DIR)/WeatherSwiftly.app/$(BUNDLE_EXECUTABLE_FOLDER_PATH)/WeatherSwiftly";
			};
			name = Debug;
		};
		8628FEB52C21FA3300AB8907 /* Release */ = {
			isa = XCBuildConfiguration;
			buildSettings = {
				BUNDLE_LOADER = "$(TEST_HOST)";
				CODE_SIGN_STYLE = Automatic;
				CURRENT_PROJECT_VERSION = 1;
				GENERATE_INFOPLIST_FILE = YES;
				IPHONEOS_DEPLOYMENT_TARGET = 18.0;
				MARKETING_VERSION = 1.0;
				PRODUCT_BUNDLE_IDENTIFIER = wa.WeatherSwiftlyTests;
				PRODUCT_NAME = "$(TARGET_NAME)";
				SWIFT_EMIT_LOC_STRINGS = NO;
				SWIFT_VERSION = 5.0;
				TARGETED_DEVICE_FAMILY = "1,2";
				TEST_HOST = "$(BUILT_PRODUCTS_DIR)/WeatherSwiftly.app/$(BUNDLE_EXECUTABLE_FOLDER_PATH)/WeatherSwiftly";
			};
			name = Release;
		};
		8628FEB72C21FA3300AB8907 /* Debug */ = {
			isa = XCBuildConfiguration;
			buildSettings = {
				CODE_SIGN_STYLE = Automatic;
				CURRENT_PROJECT_VERSION = 1;
				GENERATE_INFOPLIST_FILE = YES;
				MARKETING_VERSION = 1.0;
				PRODUCT_BUNDLE_IDENTIFIER = wa.WeatherSwiftlyUITests;
				PRODUCT_NAME = "$(TARGET_NAME)";
				SWIFT_EMIT_LOC_STRINGS = NO;
				SWIFT_VERSION = 5.0;
				TARGETED_DEVICE_FAMILY = "1,2";
				TEST_TARGET_NAME = WeatherSwiftly;
			};
			name = Debug;
		};
		8628FEB82C21FA3300AB8907 /* Release */ = {
			isa = XCBuildConfiguration;
			buildSettings = {
				CODE_SIGN_STYLE = Automatic;
				CURRENT_PROJECT_VERSION = 1;
				GENERATE_INFOPLIST_FILE = YES;
				MARKETING_VERSION = 1.0;
				PRODUCT_BUNDLE_IDENTIFIER = wa.WeatherSwiftlyUITests;
				PRODUCT_NAME = "$(TARGET_NAME)";
				SWIFT_EMIT_LOC_STRINGS = NO;
				SWIFT_VERSION = 5.0;
				TARGETED_DEVICE_FAMILY = "1,2";
				TEST_TARGET_NAME = WeatherSwiftly;
			};
			name = Release;
		};
/* End XCBuildConfiguration section */

/* Begin XCConfigurationList section */
		8628FE872C21FA3100AB8907 /* Build configuration list for PBXProject "WeatherSwiftly" */ = {
			isa = XCConfigurationList;
			buildConfigurations = (
				8628FEAE2C21FA3300AB8907 /* Debug */,
				8628FEAF2C21FA3300AB8907 /* Release */,
			);
			defaultConfigurationIsVisible = 0;
			defaultConfigurationName = Release;
		};
		8628FEB02C21FA3300AB8907 /* Build configuration list for PBXNativeTarget "WeatherSwiftly" */ = {
			isa = XCConfigurationList;
			buildConfigurations = (
				8628FEB12C21FA3300AB8907 /* Debug */,
				8628FEB22C21FA3300AB8907 /* Release */,
			);
			defaultConfigurationIsVisible = 0;
			defaultConfigurationName = Release;
		};
		8628FEB32C21FA3300AB8907 /* Build configuration list for PBXNativeTarget "WeatherSwiftlyTests" */ = {
			isa = XCConfigurationList;
			buildConfigurations = (
				8628FEB42C21FA3300AB8907 /* Debug */,
				8628FEB52C21FA3300AB8907 /* Release */,
			);
			defaultConfigurationIsVisible = 0;
			defaultConfigurationName = Release;
		};
		8628FEB62C21FA3300AB8907 /* Build configuration list for PBXNativeTarget "WeatherSwiftlyUITests" */ = {
			isa = XCConfigurationList;
			buildConfigurations = (
				8628FEB72C21FA3300AB8907 /* Debug */,
				8628FEB82C21FA3300AB8907 /* Release */,
			);
			defaultConfigurationIsVisible = 0;
			defaultConfigurationName = Release;
		};
/* End XCConfigurationList section */
	};
	rootObject = 8628FE842C21FA3100AB8907 /* Project object */;
}
